// !$*UTF8*$!
{
	archiveVersion = 1;
	classes = {
	};
	objectVersion = 56;
	objects = {

/* Begin PBXBuildFile section */
		CA5991FE2CC29BB50017A230 /* BreezeApp.swift in Sources */ = {isa = PBXBuildFile; fileRef = CA5991FD2CC29BB50017A230 /* BreezeApp.swift */; };
		CA5992002CC29BB50017A230 /* ContentView.swift in Sources */ = {isa = PBXBuildFile; fileRef = CA5991FF2CC29BB50017A230 /* ContentView.swift */; };
		CA5992022CC29BB70017A230 /* Assets.xcassets in Resources */ = {isa = PBXBuildFile; fileRef = CA5992012CC29BB70017A230 /* Assets.xcassets */; };
		CA5992052CC29BB70017A230 /* Preview Assets.xcassets in Resources */ = {isa = PBXBuildFile; fileRef = CA5992042CC29BB70017A230 /* Preview Assets.xcassets */; };
		CA59920E2CC29F130017A230 /* VisualEffectBlur.swift in Sources */ = {isa = PBXBuildFile; fileRef = CA59920D2CC29F130017A230 /* VisualEffectBlur.swift */; };
		CA5992112CC2F5340017A230 /* ListModel.swift in Sources */ = {isa = PBXBuildFile; fileRef = CA5992102CC2F5340017A230 /* ListModel.swift */; };
		CA5992132CC2F8C40017A230 /* Sidebar.swift in Sources */ = {isa = PBXBuildFile; fileRef = CA5992122CC2F8C40017A230 /* Sidebar.swift */; };
		CA5992152CC2FE1E0017A230 /* TaskView.swift in Sources */ = {isa = PBXBuildFile; fileRef = CA5992142CC2FE1E0017A230 /* TaskView.swift */; };
		CA59921B2CC437850017A230 /* inProgressWidget.swift in Sources */ = {isa = PBXBuildFile; fileRef = CA59921A2CC437850017A230 /* inProgressWidget.swift */; };
		CA59921D2CC43E300017A230 /* NoBackgroundButtonStyle.swift in Sources */ = {isa = PBXBuildFile; fileRef = CA59921C2CC43E300017A230 /* NoBackgroundButtonStyle.swift */; };
		CA59921F2CC446670017A230 /* TodoComponent.swift in Sources */ = {isa = PBXBuildFile; fileRef = CA59921E2CC446670017A230 /* TodoComponent.swift */; };
		CA5992212CC53B300017A230 /* NewJobInput.swift in Sources */ = {isa = PBXBuildFile; fileRef = CA5992202CC53B300017A230 /* NewJobInput.swift */; };
		CA5992232CC54E170017A230 /* AddJobSheet.swift in Sources */ = {isa = PBXBuildFile; fileRef = CA5992222CC54E170017A230 /* AddJobSheet.swift */; };
/* End PBXBuildFile section */

/* Begin PBXFileReference section */
		CA5991FA2CC29BB50017A230 /* Breeze.app */ = {isa = PBXFileReference; explicitFileType = wrapper.application; includeInIndex = 0; path = Breeze.app; sourceTree = BUILT_PRODUCTS_DIR; };
		CA5991FD2CC29BB50017A230 /* BreezeApp.swift */ = {isa = PBXFileReference; lastKnownFileType = sourcecode.swift; path = BreezeApp.swift; sourceTree = "<group>"; };
		CA5991FF2CC29BB50017A230 /* ContentView.swift */ = {isa = PBXFileReference; lastKnownFileType = sourcecode.swift; path = ContentView.swift; sourceTree = "<group>"; };
		CA5992012CC29BB70017A230 /* Assets.xcassets */ = {isa = PBXFileReference; lastKnownFileType = folder.assetcatalog; path = Assets.xcassets; sourceTree = "<group>"; };
		CA5992042CC29BB70017A230 /* Preview Assets.xcassets */ = {isa = PBXFileReference; lastKnownFileType = folder.assetcatalog; path = "Preview Assets.xcassets"; sourceTree = "<group>"; };
		CA5992062CC29BB70017A230 /* Breeze.entitlements */ = {isa = PBXFileReference; lastKnownFileType = text.plist.entitlements; path = Breeze.entitlements; sourceTree = "<group>"; };
		CA59920D2CC29F130017A230 /* VisualEffectBlur.swift */ = {isa = PBXFileReference; lastKnownFileType = sourcecode.swift; path = VisualEffectBlur.swift; sourceTree = "<group>"; };
		CA5992102CC2F5340017A230 /* ListModel.swift */ = {isa = PBXFileReference; lastKnownFileType = sourcecode.swift; path = ListModel.swift; sourceTree = "<group>"; };
		CA5992122CC2F8C40017A230 /* Sidebar.swift */ = {isa = PBXFileReference; lastKnownFileType = sourcecode.swift; path = Sidebar.swift; sourceTree = "<group>"; };
		CA5992142CC2FE1E0017A230 /* TaskView.swift */ = {isa = PBXFileReference; lastKnownFileType = sourcecode.swift; path = TaskView.swift; sourceTree = "<group>"; };
		CA59921A2CC437850017A230 /* inProgressWidget.swift */ = {isa = PBXFileReference; lastKnownFileType = sourcecode.swift; path = inProgressWidget.swift; sourceTree = "<group>"; };
		CA59921C2CC43E300017A230 /* NoBackgroundButtonStyle.swift */ = {isa = PBXFileReference; lastKnownFileType = sourcecode.swift; path = NoBackgroundButtonStyle.swift; sourceTree = "<group>"; };
		CA59921E2CC446670017A230 /* TodoComponent.swift */ = {isa = PBXFileReference; lastKnownFileType = sourcecode.swift; path = TodoComponent.swift; sourceTree = "<group>"; };
		CA5992202CC53B300017A230 /* NewJobInput.swift */ = {isa = PBXFileReference; lastKnownFileType = sourcecode.swift; path = NewJobInput.swift; sourceTree = "<group>"; };
		CA5992222CC54E170017A230 /* AddJobSheet.swift */ = {isa = PBXFileReference; lastKnownFileType = sourcecode.swift; path = AddJobSheet.swift; sourceTree = "<group>"; };
/* End PBXFileReference section */

/* Begin PBXFrameworksBuildPhase section */
		CA5991F72CC29BB50017A230 /* Frameworks */ = {
			isa = PBXFrameworksBuildPhase;
			buildActionMask = 2147483647;
			files = (
			);
			runOnlyForDeploymentPostprocessing = 0;
		};
/* End PBXFrameworksBuildPhase section */

/* Begin PBXGroup section */
		CA5991F12CC29BB50017A230 = {
			isa = PBXGroup;
			children = (
				CA5991FC2CC29BB50017A230 /* Breeze */,
				CA5991FB2CC29BB50017A230 /* Products */,
			);
			sourceTree = "<group>";
		};
		CA5991FB2CC29BB50017A230 /* Products */ = {
			isa = PBXGroup;
			children = (
				CA5991FA2CC29BB50017A230 /* Breeze.app */,
			);
			name = Products;
			sourceTree = "<group>";
		};
		CA5991FC2CC29BB50017A230 /* Breeze */ = {
			isa = PBXGroup;
			children = (
				CA5992162CC437480017A230 /* Views */,
				CA59920F2CC2F5180017A230 /* Models */,
				CA59920C2CC29F050017A230 /* Utilities */,
				CA5991FD2CC29BB50017A230 /* BreezeApp.swift */,
				CA5991FF2CC29BB50017A230 /* ContentView.swift */,
				CA5992012CC29BB70017A230 /* Assets.xcassets */,
				CA5992062CC29BB70017A230 /* Breeze.entitlements */,
				CA5992032CC29BB70017A230 /* Preview Content */,
			);
			path = Breeze;
			sourceTree = "<group>";
		};
		CA5992032CC29BB70017A230 /* Preview Content */ = {
			isa = PBXGroup;
			children = (
				CA5992042CC29BB70017A230 /* Preview Assets.xcassets */,
			);
			path = "Preview Content";
			sourceTree = "<group>";
		};
		CA59920C2CC29F050017A230 /* Utilities */ = {
			isa = PBXGroup;
			children = (
				CA59920D2CC29F130017A230 /* VisualEffectBlur.swift */,
				CA59921C2CC43E300017A230 /* NoBackgroundButtonStyle.swift */,
			);
			path = Utilities;
			sourceTree = "<group>";
		};
		CA59920F2CC2F5180017A230 /* Models */ = {
			isa = PBXGroup;
			children = (
				CA5992102CC2F5340017A230 /* ListModel.swift */,
			);
			path = Models;
			sourceTree = "<group>";
		};
		CA5992162CC437480017A230 /* Views */ = {
			isa = PBXGroup;
			children = (
				CA5992182CC4375B0017A230 /* TaskView */,
				CA5992172CC437530017A230 /* SiderBar */,
			);
			path = Views;
			sourceTree = "<group>";
		};
		CA5992172CC437530017A230 /* SiderBar */ = {
			isa = PBXGroup;
			children = (
				CA5992122CC2F8C40017A230 /* Sidebar.swift */,
			);
			path = SiderBar;
			sourceTree = "<group>";
		};
		CA5992182CC4375B0017A230 /* TaskView */ = {
			isa = PBXGroup;
			children = (
				CA5992192CC437700017A230 /* components */,
				CA5992142CC2FE1E0017A230 /* TaskView.swift */,
			);
			path = TaskView;
			sourceTree = "<group>";
		};
		CA5992192CC437700017A230 /* components */ = {
			isa = PBXGroup;
			children = (
				CA59921A2CC437850017A230 /* inProgressWidget.swift */,
				CA59921E2CC446670017A230 /* TodoComponent.swift */,
				CA5992202CC53B300017A230 /* NewJobInput.swift */,
				CA5992222CC54E170017A230 /* AddJobSheet.swift */,
			);
			path = components;
			sourceTree = "<group>";
		};
/* End PBXGroup section */

/* Begin PBXNativeTarget section */
		CA5991F92CC29BB50017A230 /* Breeze */ = {
			isa = PBXNativeTarget;
			buildConfigurationList = CA5992092CC29BB70017A230 /* Build configuration list for PBXNativeTarget "Breeze" */;
			buildPhases = (
				CA5991F62CC29BB50017A230 /* Sources */,
				CA5991F72CC29BB50017A230 /* Frameworks */,
				CA5991F82CC29BB50017A230 /* Resources */,
			);
			buildRules = (
			);
			dependencies = (
			);
			name = Breeze;
			productName = Breeze;
			productReference = CA5991FA2CC29BB50017A230 /* Breeze.app */;
			productType = "com.apple.product-type.application";
		};
/* End PBXNativeTarget section */

/* Begin PBXProject section */
		CA5991F22CC29BB50017A230 /* Project object */ = {
			isa = PBXProject;
			attributes = {
				BuildIndependentTargetsInParallel = 1;
				LastSwiftUpdateCheck = 1520;
				LastUpgradeCheck = 1520;
				TargetAttributes = {
					CA5991F92CC29BB50017A230 = {
						CreatedOnToolsVersion = 15.2;
					};
				};
			};
			buildConfigurationList = CA5991F52CC29BB50017A230 /* Build configuration list for PBXProject "Breeze" */;
			compatibilityVersion = "Xcode 14.0";
			developmentRegion = en;
			hasScannedForEncodings = 0;
			knownRegions = (
				en,
				Base,
			);
			mainGroup = CA5991F12CC29BB50017A230;
			productRefGroup = CA5991FB2CC29BB50017A230 /* Products */;
			projectDirPath = "";
			projectRoot = "";
			targets = (
				CA5991F92CC29BB50017A230 /* Breeze */,
			);
		};
/* End PBXProject section */

/* Begin PBXResourcesBuildPhase section */
		CA5991F82CC29BB50017A230 /* Resources */ = {
			isa = PBXResourcesBuildPhase;
			buildActionMask = 2147483647;
			files = (
				CA5992052CC29BB70017A230 /* Preview Assets.xcassets in Resources */,
				CA5992022CC29BB70017A230 /* Assets.xcassets in Resources */,
			);
			runOnlyForDeploymentPostprocessing = 0;
		};
/* End PBXResourcesBuildPhase section */

/* Begin PBXSourcesBuildPhase section */
		CA5991F62CC29BB50017A230 /* Sources */ = {
			isa = PBXSourcesBuildPhase;
			buildActionMask = 2147483647;
			files = (
				CA5992132CC2F8C40017A230 /* Sidebar.swift in Sources */,
				CA59920E2CC29F130017A230 /* VisualEffectBlur.swift in Sources */,
				CA5992232CC54E170017A230 /* AddJobSheet.swift in Sources */,
				CA59921D2CC43E300017A230 /* NoBackgroundButtonStyle.swift in Sources */,
				CA5992002CC29BB50017A230 /* ContentView.swift in Sources */,
				CA5992152CC2FE1E0017A230 /* TaskView.swift in Sources */,
				CA59921B2CC437850017A230 /* inProgressWidget.swift in Sources */,
				CA5991FE2CC29BB50017A230 /* BreezeApp.swift in Sources */,
				CA5992212CC53B300017A230 /* NewJobInput.swift in Sources */,
				CA59921F2CC446670017A230 /* TodoComponent.swift in Sources */,
				CA5992112CC2F5340017A230 /* ListModel.swift in Sources */,
			);
			runOnlyForDeploymentPostprocessing = 0;
		};
/* End PBXSourcesBuildPhase section */

/* Begin XCBuildConfiguration section */
		CA5992072CC29BB70017A230 /* Debug */ = {
			isa = XCBuildConfiguration;
			buildSettings = {
				ALWAYS_SEARCH_USER_PATHS = NO;
				ASSETCATALOG_COMPILER_GENERATE_SWIFT_ASSET_SYMBOL_EXTENSIONS = YES;
				CLANG_ANALYZER_NONNULL = YES;
				CLANG_ANALYZER_NUMBER_OBJECT_CONVERSION = YES_AGGRESSIVE;
				CLANG_CXX_LANGUAGE_STANDARD = "gnu++20";
				CLANG_ENABLE_MODULES = YES;
				CLANG_ENABLE_OBJC_ARC = YES;
				CLANG_ENABLE_OBJC_WEAK = YES;
				CLANG_WARN_BLOCK_CAPTURE_AUTORELEASING = YES;
				CLANG_WARN_BOOL_CONVERSION = YES;
				CLANG_WARN_COMMA = YES;
				CLANG_WARN_CONSTANT_CONVERSION = YES;
				CLANG_WARN_DEPRECATED_OBJC_IMPLEMENTATIONS = YES;
				CLANG_WARN_DIRECT_OBJC_ISA_USAGE = YES_ERROR;
				CLANG_WARN_DOCUMENTATION_COMMENTS = YES;
				CLANG_WARN_EMPTY_BODY = YES;
				CLANG_WARN_ENUM_CONVERSION = YES;
				CLANG_WARN_INFINITE_RECURSION = YES;
				CLANG_WARN_INT_CONVERSION = YES;
				CLANG_WARN_NON_LITERAL_NULL_CONVERSION = YES;
				CLANG_WARN_OBJC_IMPLICIT_RETAIN_SELF = YES;
				CLANG_WARN_OBJC_LITERAL_CONVERSION = YES;
				CLANG_WARN_OBJC_ROOT_CLASS = YES_ERROR;
				CLANG_WARN_QUOTED_INCLUDE_IN_FRAMEWORK_HEADER = YES;
				CLANG_WARN_RANGE_LOOP_ANALYSIS = YES;
				CLANG_WARN_STRICT_PROTOTYPES = YES;
				CLANG_WARN_SUSPICIOUS_MOVE = YES;
				CLANG_WARN_UNGUARDED_AVAILABILITY = YES_AGGRESSIVE;
				CLANG_WARN_UNREACHABLE_CODE = YES;
				CLANG_WARN__DUPLICATE_METHOD_MATCH = YES;
				COPY_PHASE_STRIP = NO;
				DEBUG_INFORMATION_FORMAT = dwarf;
				ENABLE_STRICT_OBJC_MSGSEND = YES;
				ENABLE_TESTABILITY = YES;
				ENABLE_USER_SCRIPT_SANDBOXING = YES;
				GCC_C_LANGUAGE_STANDARD = gnu17;
				GCC_DYNAMIC_NO_PIC = NO;
				GCC_NO_COMMON_BLOCKS = YES;
				GCC_OPTIMIZATION_LEVEL = 0;
				GCC_PREPROCESSOR_DEFINITIONS = (
					"DEBUG=1",
					"$(inherited)",
				);
				GCC_WARN_64_TO_32_BIT_CONVERSION = YES;
				GCC_WARN_ABOUT_RETURN_TYPE = YES_ERROR;
				GCC_WARN_UNDECLARED_SELECTOR = YES;
				GCC_WARN_UNINITIALIZED_AUTOS = YES_AGGRESSIVE;
				GCC_WARN_UNUSED_FUNCTION = YES;
				GCC_WARN_UNUSED_VARIABLE = YES;
				LOCALIZATION_PREFERS_STRING_CATALOGS = YES;
				MACOSX_DEPLOYMENT_TARGET = 14.2;
				MTL_ENABLE_DEBUG_INFO = INCLUDE_SOURCE;
				MTL_FAST_MATH = YES;
				ONLY_ACTIVE_ARCH = YES;
				SDKROOT = macosx;
				SWIFT_ACTIVE_COMPILATION_CONDITIONS = "DEBUG $(inherited)";
				SWIFT_OPTIMIZATION_LEVEL = "-Onone";
			};
			name = Debug;
		};
		CA5992082CC29BB70017A230 /* Release */ = {
			isa = XCBuildConfiguration;
			buildSettings = {
				ALWAYS_SEARCH_USER_PATHS = NO;
				ASSETCATALOG_COMPILER_GENERATE_SWIFT_ASSET_SYMBOL_EXTENSIONS = YES;
				CLANG_ANALYZER_NONNULL = YES;
				CLANG_ANALYZER_NUMBER_OBJECT_CONVERSION = YES_AGGRESSIVE;
				CLANG_CXX_LANGUAGE_STANDARD = "gnu++20";
				CLANG_ENABLE_MODULES = YES;
				CLANG_ENABLE_OBJC_ARC = YES;
				CLANG_ENABLE_OBJC_WEAK = YES;
				CLANG_WARN_BLOCK_CAPTURE_AUTORELEASING = YES;
				CLANG_WARN_BOOL_CONVERSION = YES;
				CLANG_WARN_COMMA = YES;
				CLANG_WARN_CONSTANT_CONVERSION = YES;
				CLANG_WARN_DEPRECATED_OBJC_IMPLEMENTATIONS = YES;
				CLANG_WARN_DIRECT_OBJC_ISA_USAGE = YES_ERROR;
				CLANG_WARN_DOCUMENTATION_COMMENTS = YES;
				CLANG_WARN_EMPTY_BODY = YES;
				CLANG_WARN_ENUM_CONVERSION = YES;
				CLANG_WARN_INFINITE_RECURSION = YES;
				CLANG_WARN_INT_CONVERSION = YES;
				CLANG_WARN_NON_LITERAL_NULL_CONVERSION = YES;
				CLANG_WARN_OBJC_IMPLICIT_RETAIN_SELF = YES;
				CLANG_WARN_OBJC_LITERAL_CONVERSION = YES;
				CLANG_WARN_OBJC_ROOT_CLASS = YES_ERROR;
				CLANG_WARN_QUOTED_INCLUDE_IN_FRAMEWORK_HEADER = YES;
				CLANG_WARN_RANGE_LOOP_ANALYSIS = YES;
				CLANG_WARN_STRICT_PROTOTYPES = YES;
				CLANG_WARN_SUSPICIOUS_MOVE = YES;
				CLANG_WARN_UNGUARDED_AVAILABILITY = YES_AGGRESSIVE;
				CLANG_WARN_UNREACHABLE_CODE = YES;
				CLANG_WARN__DUPLICATE_METHOD_MATCH = YES;
				COPY_PHASE_STRIP = NO;
				DEBUG_INFORMATION_FORMAT = "dwarf-with-dsym";
				ENABLE_NS_ASSERTIONS = NO;
				ENABLE_STRICT_OBJC_MSGSEND = YES;
				ENABLE_USER_SCRIPT_SANDBOXING = YES;
				GCC_C_LANGUAGE_STANDARD = gnu17;
				GCC_NO_COMMON_BLOCKS = YES;
				GCC_WARN_64_TO_32_BIT_CONVERSION = YES;
				GCC_WARN_ABOUT_RETURN_TYPE = YES_ERROR;
				GCC_WARN_UNDECLARED_SELECTOR = YES;
				GCC_WARN_UNINITIALIZED_AUTOS = YES_AGGRESSIVE;
				GCC_WARN_UNUSED_FUNCTION = YES;
				GCC_WARN_UNUSED_VARIABLE = YES;
				LOCALIZATION_PREFERS_STRING_CATALOGS = YES;
				MACOSX_DEPLOYMENT_TARGET = 14.2;
				MTL_ENABLE_DEBUG_INFO = NO;
				MTL_FAST_MATH = YES;
				SDKROOT = macosx;
				SWIFT_COMPILATION_MODE = wholemodule;
			};
			name = Release;
		};
		CA59920A2CC29BB70017A230 /* Debug */ = {
			isa = XCBuildConfiguration;
			buildSettings = {
				ASSETCATALOG_COMPILER_APPICON_NAME = AppIcon;
				ASSETCATALOG_COMPILER_GLOBAL_ACCENT_COLOR_NAME = AccentColor;
				ASSETCATALOG_COMPILER_INCLUDE_ALL_APPICON_ASSETS = YES;
				CODE_SIGN_ENTITLEMENTS = Breeze/Breeze.entitlements;
				CODE_SIGN_STYLE = Automatic;
				COMBINE_HIDPI_IMAGES = YES;
				CURRENT_PROJECT_VERSION = 1;
				DEVELOPMENT_ASSET_PATHS = "\"Breeze/Preview Content\"";
				DEVELOPMENT_TEAM = DB62R67D27;
				ENABLE_HARDENED_RUNTIME = YES;
				ENABLE_PREVIEWS = YES;
				GENERATE_INFOPLIST_FILE = YES;
				INFOPLIST_KEY_NSHumanReadableCopyright = "";
				LD_RUNPATH_SEARCH_PATHS = (
					"$(inherited)",
					"@executable_path/../Frameworks",
				);
				MARKETING_VERSION = 1.0;
				PRODUCT_BUNDLE_IDENTIFIER = com.basgallop.Breeze;
				PRODUCT_NAME = "$(TARGET_NAME)";
				SWIFT_EMIT_LOC_STRINGS = YES;
				SWIFT_VERSION = 5.0;
			};
			name = Debug;
		};
		CA59920B2CC29BB70017A230 /* Release */ = {
			isa = XCBuildConfiguration;
			buildSettings = {
				ASSETCATALOG_COMPILER_APPICON_NAME = AppIcon;
				ASSETCATALOG_COMPILER_GLOBAL_ACCENT_COLOR_NAME = AccentColor;
				ASSETCATALOG_COMPILER_INCLUDE_ALL_APPICON_ASSETS = YES;
				CODE_SIGN_ENTITLEMENTS = Breeze/Breeze.entitlements;
				CODE_SIGN_STYLE = Automatic;
				COMBINE_HIDPI_IMAGES = YES;
				CURRENT_PROJECT_VERSION = 1;
				DEVELOPMENT_ASSET_PATHS = "\"Breeze/Preview Content\"";
				DEVELOPMENT_TEAM = DB62R67D27;
				ENABLE_HARDENED_RUNTIME = YES;
				ENABLE_PREVIEWS = YES;
				GENERATE_INFOPLIST_FILE = YES;
				INFOPLIST_KEY_NSHumanReadableCopyright = "";
				LD_RUNPATH_SEARCH_PATHS = (
					"$(inherited)",
					"@executable_path/../Frameworks",
				);
				MARKETING_VERSION = 1.0;
				PRODUCT_BUNDLE_IDENTIFIER = com.basgallop.Breeze;
				PRODUCT_NAME = "$(TARGET_NAME)";
				SWIFT_EMIT_LOC_STRINGS = YES;
				SWIFT_VERSION = 5.0;
			};
			name = Release;
		};
/* End XCBuildConfiguration section */

/* Begin XCConfigurationList section */
		CA5991F52CC29BB50017A230 /* Build configuration list for PBXProject "Breeze" */ = {
			isa = XCConfigurationList;
			buildConfigurations = (
				CA5992072CC29BB70017A230 /* Debug */,
				CA5992082CC29BB70017A230 /* Release */,
			);
			defaultConfigurationIsVisible = 0;
			defaultConfigurationName = Release;
		};
		CA5992092CC29BB70017A230 /* Build configuration list for PBXNativeTarget "Breeze" */ = {
			isa = XCConfigurationList;
			buildConfigurations = (
				CA59920A2CC29BB70017A230 /* Debug */,
				CA59920B2CC29BB70017A230 /* Release */,
			);
			defaultConfigurationIsVisible = 0;
			defaultConfigurationName = Release;
		};
/* End XCConfigurationList section */
	};
	rootObject = CA5991F22CC29BB50017A230 /* Project object */;
}
